
Microsoft Visual Studio Solution File, Format Version 12.00
# Visual Studio Version 16
VisualStudioVersion = 16.0.30114.105
MinimumVisualStudioVersion = 10.0.40219.1
Project("{FAE04EC0-301F-11D3-BF4B-00C04F79EFBC}") = "EnglishForKids.Web", "EnglishForKids.Web\EnglishForKids.Web.csproj", "{F6C344DE-E0BD-4575-9C92-3DBC57CFEFF4}"
EndProject
Project("{FAE04EC0-301F-11D3-BF4B-00C04F79EFBC}") = "EnglishForKids.Data", "EnglishForKids.Data\EnglishForKids.Data.csproj", "{7A759FDF-2FF6-441D-A4E3-5FF7AB2D376A}"
EndProject
Project("{FAE04EC0-301F-11D3-BF4B-00C04F79EFBC}") = "EnglishForKids.Infrastructure", "EnglishForKids.Infrastructure\EnglishForKids.Infrastructure.csproj", "{22EC747E-208A-4CAD-89F6-D376B7B7BEFF}"
EndProject
Global
	GlobalSection(SolutionConfigurationPlatforms) = preSolution
		Debug|Any CPU = Debug|Any CPU
		Debug|x64 = Debug|x64
		Debug|x86 = Debug|x86
		Release|Any CPU = Release|Any CPU
		Release|x64 = Release|x64
		Release|x86 = Release|x86
	EndGlobalSection
	GlobalSection(SolutionProperties) = preSolution
		HideSolutionNode = FALSE
	EndGlobalSection
	GlobalSection(ProjectConfigurationPlatforms) = postSolution
		{F6C344DE-E0BD-4575-9C92-3DBC57CFEFF4}.Debug|Any CPU.ActiveCfg = Debug|Any CPU
		{F6C344DE-E0BD-4575-9C92-3DBC57CFEFF4}.Debug|Any CPU.Build.0 = Debug|Any CPU
		{F6C344DE-E0BD-4575-9C92-3DBC57CFEFF4}.Debug|x64.ActiveCfg = Debug|Any CPU
		{F6C344DE-E0BD-4575-9C92-3DBC57CFEFF4}.Debug|x64.Build.0 = Debug|Any CPU
		{F6C344DE-E0BD-4575-9C92-3DBC57CFEFF4}.Debug|x86.ActiveCfg = Debug|Any CPU
		{F6C344DE-E0BD-4575-9C92-3DBC57CFEFF4}.Debug|x86.Build.0 = Debug|Any CPU
		{F6C344DE-E0BD-4575-9C92-3DBC57CFEFF4}.Release|Any CPU.ActiveCfg = Release|Any CPU
		{F6C344DE-E0BD-4575-9C92-3DBC57CFEFF4}.Release|Any CPU.Build.0 = Release|Any CPU
		{F6C344DE-E0BD-4575-9C92-3DBC57CFEFF4}.Release|x64.ActiveCfg = Release|Any CPU
		{F6C344DE-E0BD-4575-9C92-3DBC57CFEFF4}.Release|x64.Build.0 = Release|Any CPU
		{F6C344DE-E0BD-4575-9C92-3DBC57CFEFF4}.Release|x86.ActiveCfg = Release|Any CPU
		{F6C344DE-E0BD-4575-9C92-3DBC57CFEFF4}.Release|x86.Build.0 = Release|Any CPU
		{7A759FDF-2FF6-441D-A4E3-5FF7AB2D376A}.Debug|Any CPU.ActiveCfg = Debug|Any CPU
		{7A759FDF-2FF6-441D-A4E3-5FF7AB2D376A}.Debug|Any CPU.Build.0 = Debug|Any CPU
		{7A759FDF-2FF6-441D-A4E3-5FF7AB2D376A}.Debug|x64.ActiveCfg = Debug|Any CPU
		{7A759FDF-2FF6-441D-A4E3-5FF7AB2D376A}.Debug|x64.Build.0 = Debug|Any CPU
		{7A759FDF-2FF6-441D-A4E3-5FF7AB2D376A}.Debug|x86.ActiveCfg = Debug|Any CPU
		{7A759FDF-2FF6-441D-A4E3-5FF7AB2D376A}.Debug|x86.Build.0 = Debug|Any CPU
		{7A759FDF-2FF6-441D-A4E3-5FF7AB2D376A}.Release|Any CPU.ActiveCfg = Release|Any CPU
		{7A759FDF-2FF6-441D-A4E3-5FF7AB2D376A}.Release|Any CPU.Build.0 = Release|Any CPU
		{7A759FDF-2FF6-441D-A4E3-5FF7AB2D376A}.Release|x64.ActiveCfg = Release|Any CPU
		{7A759FDF-2FF6-441D-A4E3-5FF7AB2D376A}.Release|x64.Build.0 = Release|Any CPU
		{7A759FDF-2FF6-441D-A4E3-5FF7AB2D376A}.Release|x86.ActiveCfg = Release|Any CPU
		{7A759FDF-2FF6-441D-A4E3-5FF7AB2D376A}.Release|x86.Build.0 = Release|Any CPU
		{22EC747E-208A-4CAD-89F6-D376B7B7BEFF}.Debug|Any CPU.ActiveCfg = Debug|Any CPU
		{22EC747E-208A-4CAD-89F6-D376B7B7BEFF}.Debug|Any CPU.Build.0 = Debug|Any CPU
		{22EC747E-208A-4CAD-89F6-D376B7B7BEFF}.Debug|x64.ActiveCfg = Debug|Any CPU
		{22EC747E-208A-4CAD-89F6-D376B7B7BEFF}.Debug|x64.Build.0 = Debug|Any CPU
		{22EC747E-208A-4CAD-89F6-D376B7B7BEFF}.Debug|x86.ActiveCfg = Debug|Any CPU
		{22EC747E-208A-4CAD-89F6-D376B7B7BEFF}.Debug|x86.Build.0 = Debug|Any CPU
		{22EC747E-208A-4CAD-89F6-D376B7B7BEFF}.Release|Any CPU.ActiveCfg = Release|Any CPU
		{22EC747E-208A-4CAD-89F6-D376B7B7BEFF}.Release|Any CPU.Build.0 = Release|Any CPU
		{22EC747E-208A-4CAD-89F6-D376B7B7BEFF}.Release|x64.ActiveCfg = Release|Any CPU
		{22EC747E-208A-4CAD-89F6-D376B7B7BEFF}.Release|x64.Build.0 = Release|Any CPU
		{22EC747E-208A-4CAD-89F6-D376B7B7BEFF}.Release|x86.ActiveCfg = Release|Any CPU
		{22EC747E-208A-4CAD-89F6-D376B7B7BEFF}.Release|x86.Build.0 = Release|Any CPU
	EndGlobalSection
EndGlobal
